{
  "name": "front-end-wheels",
  "version": "0.0.1",
  "lockfileVersion": 1,
  "requires": true,
  "dependencies": {
    "pretty-print-json": {
      "version": "1.1.1",
      "resolved": "https://registry.npmjs.org/pretty-print-json/-/pretty-print-json-1.1.1.tgz",
      "integrity": "sha512-qcmjnmrk/H0U1fnSWRnGpLX5F1y3moNGvDi8U0hlfjpUFVHkwlfG7LtrJMNJ/KAiH6nLfG9UYw4Nd8BUWuFbSw=="
    }
  }
}
